
Microsoft Visual Studio Solution File, Format Version 12.00
# Visual Studio 15
VisualStudioVersion = 15.0.26228.12
MinimumVisualStudioVersion = 10.0.40219.1
Project("{FAE04EC0-301F-11D3-BF4B-00C04F79EFBC}") = "DatumNewsApp", "src\DatumNewsApp\DatumNewsApp\DatumNewsApp.csproj", "{E2651B72-BDD6-40E6-81A4-F9D72CB11B06}"
EndProject
Project("{FAE04EC0-301F-11D3-BF4B-00C04F79EFBC}") = "DatumNewsApp.Droid", "src\DatumNewsApp\DatumNewsApp.Droid\DatumNewsApp.Droid.csproj", "{9B730B6C-B5EF-48E3-ADD9-E0CE39CC206F}"
EndProject
Project("{FAE04EC0-301F-11D3-BF4B-00C04F79EFBC}") = "DatumNewsApp.iOS", "src\DatumNewsApp\DatumNewsApp.iOS\DatumNewsApp.iOS.csproj", "{5F639834-90CB-4F4E-9DE2-94B7B97341EE}"
EndProject
Project("{FAE04EC0-301F-11D3-BF4B-00C04F79EFBC}") = "DatumNewsApp.UWP", "src\DatumNewsApp\DatumNewsApp.UWP\DatumNewsApp.UWP.csproj", "{6E9951D0-A1FE-4ECC-8561-C202A01BA076}"
EndProject
Project("{2150E333-8FDC-42A3-9474-1A3956D46DE8}") = "Platforms", "Platforms", "{59E7CF03-B80D-457F-955E-5745BE91EBFE}"
EndProject
Project("{2150E333-8FDC-42A3-9474-1A3956D46DE8}") = "Libraries", "Libraries", "{6A088E49-9026-4AF4-8E2F-5E9881E04D3C}"
EndProject
Global
	GlobalSection(SolutionConfigurationPlatforms) = preSolution
		Ad-Hoc|Any CPU = Ad-Hoc|Any CPU
		Ad-Hoc|ARM = Ad-Hoc|ARM
		Ad-Hoc|iPhone = Ad-Hoc|iPhone
		Ad-Hoc|iPhoneSimulator = Ad-Hoc|iPhoneSimulator
		Ad-Hoc|x64 = Ad-Hoc|x64
		Ad-Hoc|x86 = Ad-Hoc|x86
		AppStore|Any CPU = AppStore|Any CPU
		AppStore|ARM = AppStore|ARM
		AppStore|iPhone = AppStore|iPhone
		AppStore|iPhoneSimulator = AppStore|iPhoneSimulator
		AppStore|x64 = AppStore|x64
		AppStore|x86 = AppStore|x86
		Debug|Any CPU = Debug|Any CPU
		Debug|ARM = Debug|ARM
		Debug|iPhone = Debug|iPhone
		Debug|iPhoneSimulator = Debug|iPhoneSimulator
		Debug|x64 = Debug|x64
		Debug|x86 = Debug|x86
		Release|Any CPU = Release|Any CPU
		Release|ARM = Release|ARM
		Release|iPhone = Release|iPhone
		Release|iPhoneSimulator = Release|iPhoneSimulator
		Release|x64 = Release|x64
		Release|x86 = Release|x86
	EndGlobalSection
	GlobalSection(ProjectConfigurationPlatforms) = postSolution
		{E2651B72-BDD6-40E6-81A4-F9D72CB11B06}.Ad-Hoc|Any CPU.ActiveCfg = Release|Any CPU
		{E2651B72-BDD6-40E6-81A4-F9D72CB11B06}.Ad-Hoc|Any CPU.Build.0 = Release|Any CPU
		{E2651B72-BDD6-40E6-81A4-F9D72CB11B06}.Ad-Hoc|ARM.ActiveCfg = Release|Any CPU
		{E2651B72-BDD6-40E6-81A4-F9D72CB11B06}.Ad-Hoc|ARM.Build.0 = Release|Any CPU
		{E2651B72-BDD6-40E6-81A4-F9D72CB11B06}.Ad-Hoc|iPhone.ActiveCfg = Release|Any CPU
		{E2651B72-BDD6-40E6-81A4-F9D72CB11B06}.Ad-Hoc|iPhone.Build.0 = Release|Any CPU
		{E2651B72-BDD6-40E6-81A4-F9D72CB11B06}.Ad-Hoc|iPhoneSimulator.ActiveCfg = Release|Any CPU
		{E2651B72-BDD6-40E6-81A4-F9D72CB11B06}.Ad-Hoc|iPhoneSimulator.Build.0 = Release|Any CPU
		{E2651B72-BDD6-40E6-81A4-F9D72CB11B06}.Ad-Hoc|x64.ActiveCfg = Release|Any CPU
		{E2651B72-BDD6-40E6-81A4-F9D72CB11B06}.Ad-Hoc|x64.Build.0 = Release|Any CPU
		{E2651B72-BDD6-40E6-81A4-F9D72CB11B06}.Ad-Hoc|x86.ActiveCfg = Release|Any CPU
		{E2651B72-BDD6-40E6-81A4-F9D72CB11B06}.Ad-Hoc|x86.Build.0 = Release|Any CPU
		{E2651B72-BDD6-40E6-81A4-F9D72CB11B06}.AppStore|Any CPU.ActiveCfg = Release|Any CPU
		{E2651B72-BDD6-40E6-81A4-F9D72CB11B06}.AppStore|Any CPU.Build.0 = Release|Any CPU
		{E2651B72-BDD6-40E6-81A4-F9D72CB11B06}.AppStore|ARM.ActiveCfg = Release|Any CPU
		{E2651B72-BDD6-40E6-81A4-F9D72CB11B06}.AppStore|ARM.Build.0 = Release|Any CPU
		{E2651B72-BDD6-40E6-81A4-F9D72CB11B06}.AppStore|iPhone.ActiveCfg = Release|Any CPU
		{E2651B72-BDD6-40E6-81A4-F9D72CB11B06}.AppStore|iPhone.Build.0 = Release|Any CPU
		{E2651B72-BDD6-40E6-81A4-F9D72CB11B06}.AppStore|iPhoneSimulator.ActiveCfg = Release|Any CPU
		{E2651B72-BDD6-40E6-81A4-F9D72CB11B06}.AppStore|iPhoneSimulator.Build.0 = Release|Any CPU
		{E2651B72-BDD6-40E6-81A4-F9D72CB11B06}.AppStore|x64.ActiveCfg = Release|Any CPU
		{E2651B72-BDD6-40E6-81A4-F9D72CB11B06}.AppStore|x64.Build.0 = Release|Any CPU
		{E2651B72-BDD6-40E6-81A4-F9D72CB11B06}.AppStore|x86.ActiveCfg = Release|Any CPU
		{E2651B72-BDD6-40E6-81A4-F9D72CB11B06}.AppStore|x86.Build.0 = Release|Any CPU
		{E2651B72-BDD6-40E6-81A4-F9D72CB11B06}.Debug|Any CPU.ActiveCfg = Debug|Any CPU
		{E2651B72-BDD6-40E6-81A4-F9D72CB11B06}.Debug|Any CPU.Build.0 = Debug|Any CPU
		{E2651B72-BDD6-40E6-81A4-F9D72CB11B06}.Debug|ARM.ActiveCfg = Debug|Any CPU
		{E2651B72-BDD6-40E6-81A4-F9D72CB11B06}.Debug|ARM.Build.0 = Debug|Any CPU
		{E2651B72-BDD6-40E6-81A4-F9D72CB11B06}.Debug|iPhone.ActiveCfg = Debug|Any CPU
		{E2651B72-BDD6-40E6-81A4-F9D72CB11B06}.Debug|iPhone.Build.0 = Debug|Any CPU
		{E2651B72-BDD6-40E6-81A4-F9D72CB11B06}.Debug|iPhoneSimulator.ActiveCfg = Debug|Any CPU
		{E2651B72-BDD6-40E6-81A4-F9D72CB11B06}.Debug|iPhoneSimulator.Build.0 = Debug|Any CPU
		{E2651B72-BDD6-40E6-81A4-F9D72CB11B06}.Debug|x64.ActiveCfg = Debug|Any CPU
		{E2651B72-BDD6-40E6-81A4-F9D72CB11B06}.Debug|x64.Build.0 = Debug|Any CPU
		{E2651B72-BDD6-40E6-81A4-F9D72CB11B06}.Debug|x86.ActiveCfg = Debug|Any CPU
		{E2651B72-BDD6-40E6-81A4-F9D72CB11B06}.Debug|x86.Build.0 = Debug|Any CPU
		{E2651B72-BDD6-40E6-81A4-F9D72CB11B06}.Release|Any CPU.ActiveCfg = Release|Any CPU
		{E2651B72-BDD6-40E6-81A4-F9D72CB11B06}.Release|Any CPU.Build.0 = Release|Any CPU
		{E2651B72-BDD6-40E6-81A4-F9D72CB11B06}.Release|ARM.ActiveCfg = Release|Any CPU
		{E2651B72-BDD6-40E6-81A4-F9D72CB11B06}.Release|ARM.Build.0 = Release|Any CPU
		{E2651B72-BDD6-40E6-81A4-F9D72CB11B06}.Release|iPhone.ActiveCfg = Release|Any CPU
		{E2651B72-BDD6-40E6-81A4-F9D72CB11B06}.Release|iPhone.Build.0 = Release|Any CPU
		{E2651B72-BDD6-40E6-81A4-F9D72CB11B06}.Release|iPhoneSimulator.ActiveCfg = Release|Any CPU
		{E2651B72-BDD6-40E6-81A4-F9D72CB11B06}.Release|iPhoneSimulator.Build.0 = Release|Any CPU
		{E2651B72-BDD6-40E6-81A4-F9D72CB11B06}.Release|x64.ActiveCfg = Release|Any CPU
		{E2651B72-BDD6-40E6-81A4-F9D72CB11B06}.Release|x64.Build.0 = Release|Any CPU
		{E2651B72-BDD6-40E6-81A4-F9D72CB11B06}.Release|x86.ActiveCfg = Release|Any CPU
		{E2651B72-BDD6-40E6-81A4-F9D72CB11B06}.Release|x86.Build.0 = Release|Any CPU
		{9B730B6C-B5EF-48E3-ADD9-E0CE39CC206F}.Ad-Hoc|Any CPU.ActiveCfg = Release|Any CPU
		{9B730B6C-B5EF-48E3-ADD9-E0CE39CC206F}.Ad-Hoc|Any CPU.Build.0 = Release|Any CPU
		{9B730B6C-B5EF-48E3-ADD9-E0CE39CC206F}.Ad-Hoc|Any CPU.Deploy.0 = Release|Any CPU
		{9B730B6C-B5EF-48E3-ADD9-E0CE39CC206F}.Ad-Hoc|ARM.ActiveCfg = Release|Any CPU
		{9B730B6C-B5EF-48E3-ADD9-E0CE39CC206F}.Ad-Hoc|ARM.Build.0 = Release|Any CPU
		{9B730B6C-B5EF-48E3-ADD9-E0CE39CC206F}.Ad-Hoc|ARM.Deploy.0 = Release|Any CPU
		{9B730B6C-B5EF-48E3-ADD9-E0CE39CC206F}.Ad-Hoc|iPhone.ActiveCfg = Release|Any CPU
		{9B730B6C-B5EF-48E3-ADD9-E0CE39CC206F}.Ad-Hoc|iPhone.Build.0 = Release|Any CPU
		{9B730B6C-B5EF-48E3-ADD9-E0CE39CC206F}.Ad-Hoc|iPhone.Deploy.0 = Release|Any CPU
		{9B730B6C-B5EF-48E3-ADD9-E0CE39CC206F}.Ad-Hoc|iPhoneSimulator.ActiveCfg = Release|Any CPU
		{9B730B6C-B5EF-48E3-ADD9-E0CE39CC206F}.Ad-Hoc|iPhoneSimulator.Build.0 = Release|Any CPU
		{9B730B6C-B5EF-48E3-ADD9-E0CE39CC206F}.Ad-Hoc|iPhoneSimulator.Deploy.0 = Release|Any CPU
		{9B730B6C-B5EF-48E3-ADD9-E0CE39CC206F}.Ad-Hoc|x64.ActiveCfg = Release|Any CPU
		{9B730B6C-B5EF-48E3-ADD9-E0CE39CC206F}.Ad-Hoc|x64.Build.0 = Release|Any CPU
		{9B730B6C-B5EF-48E3-ADD9-E0CE39CC206F}.Ad-Hoc|x64.Deploy.0 = Release|Any CPU
		{9B730B6C-B5EF-48E3-ADD9-E0CE39CC206F}.Ad-Hoc|x86.ActiveCfg = Release|Any CPU
		{9B730B6C-B5EF-48E3-ADD9-E0CE39CC206F}.Ad-Hoc|x86.Build.0 = Release|Any CPU
		{9B730B6C-B5EF-48E3-ADD9-E0CE39CC206F}.Ad-Hoc|x86.Deploy.0 = Release|Any CPU
		{9B730B6C-B5EF-48E3-ADD9-E0CE39CC206F}.AppStore|Any CPU.ActiveCfg = Release|Any CPU
		{9B730B6C-B5EF-48E3-ADD9-E0CE39CC206F}.AppStore|Any CPU.Build.0 = Release|Any CPU
		{9B730B6C-B5EF-48E3-ADD9-E0CE39CC206F}.AppStore|Any CPU.Deploy.0 = Release|Any CPU
		{9B730B6C-B5EF-48E3-ADD9-E0CE39CC206F}.AppStore|ARM.ActiveCfg = Release|Any CPU
		{9B730B6C-B5EF-48E3-ADD9-E0CE39CC206F}.AppStore|ARM.Build.0 = Release|Any CPU
		{9B730B6C-B5EF-48E3-ADD9-E0CE39CC206F}.AppStore|ARM.Deploy.0 = Release|Any CPU
		{9B730B6C-B5EF-48E3-ADD9-E0CE39CC206F}.AppStore|iPhone.ActiveCfg = Release|Any CPU
		{9B730B6C-B5EF-48E3-ADD9-E0CE39CC206F}.AppStore|iPhone.Build.0 = Release|Any CPU
		{9B730B6C-B5EF-48E3-ADD9-E0CE39CC206F}.AppStore|iPhone.Deploy.0 = Release|Any CPU
		{9B730B6C-B5EF-48E3-ADD9-E0CE39CC206F}.AppStore|iPhoneSimulator.ActiveCfg = Release|Any CPU
		{9B730B6C-B5EF-48E3-ADD9-E0CE39CC206F}.AppStore|iPhoneSimulator.Build.0 = Release|Any CPU
		{9B730B6C-B5EF-48E3-ADD9-E0CE39CC206F}.AppStore|iPhoneSimulator.Deploy.0 = Release|Any CPU
		{9B730B6C-B5EF-48E3-ADD9-E0CE39CC206F}.AppStore|x64.ActiveCfg = Release|Any CPU
		{9B730B6C-B5EF-48E3-ADD9-E0CE39CC206F}.AppStore|x64.Build.0 = Release|Any CPU
		{9B730B6C-B5EF-48E3-ADD9-E0CE39CC206F}.AppStore|x64.Deploy.0 = Release|Any CPU
		{9B730B6C-B5EF-48E3-ADD9-E0CE39CC206F}.AppStore|x86.ActiveCfg = Release|Any CPU
		{9B730B6C-B5EF-48E3-ADD9-E0CE39CC206F}.AppStore|x86.Build.0 = Release|Any CPU
		{9B730B6C-B5EF-48E3-ADD9-E0CE39CC206F}.AppStore|x86.Deploy.0 = Release|Any CPU
		{9B730B6C-B5EF-48E3-ADD9-E0CE39CC206F}.Debug|Any CPU.ActiveCfg = Debug|Any CPU
		{9B730B6C-B5EF-48E3-ADD9-E0CE39CC206F}.Debug|Any CPU.Build.0 = Debug|Any CPU
		{9B730B6C-B5EF-48E3-ADD9-E0CE39CC206F}.Debug|Any CPU.Deploy.0 = Debug|Any CPU
		{9B730B6C-B5EF-48E3-ADD9-E0CE39CC206F}.Debug|ARM.ActiveCfg = Debug|Any CPU
		{9B730B6C-B5EF-48E3-ADD9-E0CE39CC206F}.Debug|ARM.Build.0 = Debug|Any CPU
		{9B730B6C-B5EF-48E3-ADD9-E0CE39CC206F}.Debug|ARM.Deploy.0 = Debug|Any CPU
		{9B730B6C-B5EF-48E3-ADD9-E0CE39CC206F}.Debug|iPhone.ActiveCfg = Debug|Any CPU
		{9B730B6C-B5EF-48E3-ADD9-E0CE39CC206F}.Debug|iPhone.Build.0 = Debug|Any CPU
		{9B730B6C-B5EF-48E3-ADD9-E0CE39CC206F}.Debug|iPhone.Deploy.0 = Debug|Any CPU
		{9B730B6C-B5EF-48E3-ADD9-E0CE39CC206F}.Debug|iPhoneSimulator.ActiveCfg = Debug|Any CPU
		{9B730B6C-B5EF-48E3-ADD9-E0CE39CC206F}.Debug|iPhoneSimulator.Build.0 = Debug|Any CPU
		{9B730B6C-B5EF-48E3-ADD9-E0CE39CC206F}.Debug|iPhoneSimulator.Deploy.0 = Debug|Any CPU
		{9B730B6C-B5EF-48E3-ADD9-E0CE39CC206F}.Debug|x64.ActiveCfg = Debug|Any CPU
		{9B730B6C-B5EF-48E3-ADD9-E0CE39CC206F}.Debug|x64.Build.0 = Debug|Any CPU
		{9B730B6C-B5EF-48E3-ADD9-E0CE39CC206F}.Debug|x64.Deploy.0 = Debug|Any CPU
		{9B730B6C-B5EF-48E3-ADD9-E0CE39CC206F}.Debug|x86.ActiveCfg = Debug|Any CPU
		{9B730B6C-B5EF-48E3-ADD9-E0CE39CC206F}.Debug|x86.Build.0 = Debug|Any CPU
		{9B730B6C-B5EF-48E3-ADD9-E0CE39CC206F}.Debug|x86.Deploy.0 = Debug|Any CPU
		{9B730B6C-B5EF-48E3-ADD9-E0CE39CC206F}.Release|Any CPU.ActiveCfg = Release|Any CPU
		{9B730B6C-B5EF-48E3-ADD9-E0CE39CC206F}.Release|Any CPU.Build.0 = Release|Any CPU
		{9B730B6C-B5EF-48E3-ADD9-E0CE39CC206F}.Release|Any CPU.Deploy.0 = Release|Any CPU
		{9B730B6C-B5EF-48E3-ADD9-E0CE39CC206F}.Release|ARM.ActiveCfg = Release|Any CPU
		{9B730B6C-B5EF-48E3-ADD9-E0CE39CC206F}.Release|ARM.Build.0 = Release|Any CPU
		{9B730B6C-B5EF-48E3-ADD9-E0CE39CC206F}.Release|ARM.Deploy.0 = Release|Any CPU
		{9B730B6C-B5EF-48E3-ADD9-E0CE39CC206F}.Release|iPhone.ActiveCfg = Release|Any CPU
		{9B730B6C-B5EF-48E3-ADD9-E0CE39CC206F}.Release|iPhone.Build.0 = Release|Any CPU
		{9B730B6C-B5EF-48E3-ADD9-E0CE39CC206F}.Release|iPhone.Deploy.0 = Release|Any CPU
		{9B730B6C-B5EF-48E3-ADD9-E0CE39CC206F}.Release|iPhoneSimulator.ActiveCfg = Release|Any CPU
		{9B730B6C-B5EF-48E3-ADD9-E0CE39CC206F}.Release|iPhoneSimulator.Build.0 = Release|Any CPU
		{9B730B6C-B5EF-48E3-ADD9-E0CE39CC206F}.Release|iPhoneSimulator.Deploy.0 = Release|Any CPU
		{9B730B6C-B5EF-48E3-ADD9-E0CE39CC206F}.Release|x64.ActiveCfg = Release|Any CPU
		{9B730B6C-B5EF-48E3-ADD9-E0CE39CC206F}.Release|x64.Build.0 = Release|Any CPU
		{9B730B6C-B5EF-48E3-ADD9-E0CE39CC206F}.Release|x64.Deploy.0 = Release|Any CPU
		{9B730B6C-B5EF-48E3-ADD9-E0CE39CC206F}.Release|x86.ActiveCfg = Release|Any CPU
		{9B730B6C-B5EF-48E3-ADD9-E0CE39CC206F}.Release|x86.Build.0 = Release|Any CPU
		{9B730B6C-B5EF-48E3-ADD9-E0CE39CC206F}.Release|x86.Deploy.0 = Release|Any CPU
		{5F639834-90CB-4F4E-9DE2-94B7B97341EE}.Ad-Hoc|Any CPU.ActiveCfg = Ad-Hoc|iPhone
		{5F639834-90CB-4F4E-9DE2-94B7B97341EE}.Ad-Hoc|ARM.ActiveCfg = Ad-Hoc|iPhone
		{5F639834-90CB-4F4E-9DE2-94B7B97341EE}.Ad-Hoc|iPhone.ActiveCfg = Ad-Hoc|iPhone
		{5F639834-90CB-4F4E-9DE2-94B7B97341EE}.Ad-Hoc|iPhone.Build.0 = Ad-Hoc|iPhone
		{5F639834-90CB-4F4E-9DE2-94B7B97341EE}.Ad-Hoc|iPhoneSimulator.ActiveCfg = Ad-Hoc|iPhoneSimulator
		{5F639834-90CB-4F4E-9DE2-94B7B97341EE}.Ad-Hoc|iPhoneSimulator.Build.0 = Ad-Hoc|iPhoneSimulator
		{5F639834-90CB-4F4E-9DE2-94B7B97341EE}.Ad-Hoc|x64.ActiveCfg = Ad-Hoc|iPhone
		{5F639834-90CB-4F4E-9DE2-94B7B97341EE}.Ad-Hoc|x86.ActiveCfg = Ad-Hoc|iPhone
		{5F639834-90CB-4F4E-9DE2-94B7B97341EE}.AppStore|Any CPU.ActiveCfg = AppStore|iPhone
		{5F639834-90CB-4F4E-9DE2-94B7B97341EE}.AppStore|ARM.ActiveCfg = AppStore|iPhone
		{5F639834-90CB-4F4E-9DE2-94B7B97341EE}.AppStore|iPhone.ActiveCfg = AppStore|iPhone
		{5F639834-90CB-4F4E-9DE2-94B7B97341EE}.AppStore|iPhone.Build.0 = AppStore|iPhone
		{5F639834-90CB-4F4E-9DE2-94B7B97341EE}.AppStore|iPhoneSimulator.ActiveCfg = AppStore|iPhoneSimulator
		{5F639834-90CB-4F4E-9DE2-94B7B97341EE}.AppStore|iPhoneSimulator.Build.0 = AppStore|iPhoneSimulator
		{5F639834-90CB-4F4E-9DE2-94B7B97341EE}.AppStore|x64.ActiveCfg = AppStore|iPhone
		{5F639834-90CB-4F4E-9DE2-94B7B97341EE}.AppStore|x86.ActiveCfg = AppStore|iPhone
		{5F639834-90CB-4F4E-9DE2-94B7B97341EE}.Debug|Any CPU.ActiveCfg = Debug|iPhone
		{5F639834-90CB-4F4E-9DE2-94B7B97341EE}.Debug|ARM.ActiveCfg = Debug|iPhone
		{5F639834-90CB-4F4E-9DE2-94B7B97341EE}.Debug|iPhone.ActiveCfg = Debug|iPhone
		{5F639834-90CB-4F4E-9DE2-94B7B97341EE}.Debug|iPhone.Build.0 = Debug|iPhone
		{5F639834-90CB-4F4E-9DE2-94B7B97341EE}.Debug|iPhoneSimulator.ActiveCfg = Debug|iPhoneSimulator
		{5F639834-90CB-4F4E-9DE2-94B7B97341EE}.Debug|iPhoneSimulator.Build.0 = Debug|iPhoneSimulator
		{5F639834-90CB-4F4E-9DE2-94B7B97341EE}.Debug|x64.ActiveCfg = Debug|iPhone
		{5F639834-90CB-4F4E-9DE2-94B7B97341EE}.Debug|x86.ActiveCfg = Debug|iPhone
		{5F639834-90CB-4F4E-9DE2-94B7B97341EE}.Release|Any CPU.ActiveCfg = Release|iPhone
		{5F639834-90CB-4F4E-9DE2-94B7B97341EE}.Release|ARM.ActiveCfg = Release|iPhone
		{5F639834-90CB-4F4E-9DE2-94B7B97341EE}.Release|iPhone.ActiveCfg = Release|iPhone
		{5F639834-90CB-4F4E-9DE2-94B7B97341EE}.Release|iPhone.Build.0 = Release|iPhone
		{5F639834-90CB-4F4E-9DE2-94B7B97341EE}.Release|iPhoneSimulator.ActiveCfg = Release|iPhoneSimulator
		{5F639834-90CB-4F4E-9DE2-94B7B97341EE}.Release|iPhoneSimulator.Build.0 = Release|iPhoneSimulator
		{5F639834-90CB-4F4E-9DE2-94B7B97341EE}.Release|x64.ActiveCfg = Release|iPhone
		{5F639834-90CB-4F4E-9DE2-94B7B97341EE}.Release|x86.ActiveCfg = Release|iPhone
		{6E9951D0-A1FE-4ECC-8561-C202A01BA076}.Ad-Hoc|Any CPU.ActiveCfg = Release|x86
		{6E9951D0-A1FE-4ECC-8561-C202A01BA076}.Ad-Hoc|Any CPU.Build.0 = Release|x86
		{6E9951D0-A1FE-4ECC-8561-C202A01BA076}.Ad-Hoc|Any CPU.Deploy.0 = Release|x86
		{6E9951D0-A1FE-4ECC-8561-C202A01BA076}.Ad-Hoc|ARM.ActiveCfg = Release|ARM
		{6E9951D0-A1FE-4ECC-8561-C202A01BA076}.Ad-Hoc|ARM.Build.0 = Release|ARM
		{6E9951D0-A1FE-4ECC-8561-C202A01BA076}.Ad-Hoc|ARM.Deploy.0 = Release|ARM
		{6E9951D0-A1FE-4ECC-8561-C202A01BA076}.Ad-Hoc|iPhone.ActiveCfg = Release|x86
		{6E9951D0-A1FE-4ECC-8561-C202A01BA076}.Ad-Hoc|iPhone.Build.0 = Release|x86
		{6E9951D0-A1FE-4ECC-8561-C202A01BA076}.Ad-Hoc|iPhone.Deploy.0 = Release|x86
		{6E9951D0-A1FE-4ECC-8561-C202A01BA076}.Ad-Hoc|iPhoneSimulator.ActiveCfg = Release|x86
		{6E9951D0-A1FE-4ECC-8561-C202A01BA076}.Ad-Hoc|iPhoneSimulator.Build.0 = Release|x86
		{6E9951D0-A1FE-4ECC-8561-C202A01BA076}.Ad-Hoc|iPhoneSimulator.Deploy.0 = Release|x86
		{6E9951D0-A1FE-4ECC-8561-C202A01BA076}.Ad-Hoc|x64.ActiveCfg = Release|x64
		{6E9951D0-A1FE-4ECC-8561-C202A01BA076}.Ad-Hoc|x64.Build.0 = Release|x64
		{6E9951D0-A1FE-4ECC-8561-C202A01BA076}.Ad-Hoc|x64.Deploy.0 = Release|x64
		{6E9951D0-A1FE-4ECC-8561-C202A01BA076}.Ad-Hoc|x86.ActiveCfg = Release|x86
		{6E9951D0-A1FE-4ECC-8561-C202A01BA076}.Ad-Hoc|x86.Build.0 = Release|x86
		{6E9951D0-A1FE-4ECC-8561-C202A01BA076}.Ad-Hoc|x86.Deploy.0 = Release|x86
		{6E9951D0-A1FE-4ECC-8561-C202A01BA076}.AppStore|Any CPU.ActiveCfg = Release|x86
		{6E9951D0-A1FE-4ECC-8561-C202A01BA076}.AppStore|Any CPU.Build.0 = Release|x86
		{6E9951D0-A1FE-4ECC-8561-C202A01BA076}.AppStore|Any CPU.Deploy.0 = Release|x86
		{6E9951D0-A1FE-4ECC-8561-C202A01BA076}.AppStore|ARM.ActiveCfg = Release|ARM
		{6E9951D0-A1FE-4ECC-8561-C202A01BA076}.AppStore|ARM.Build.0 = Release|ARM
		{6E9951D0-A1FE-4ECC-8561-C202A01BA076}.AppStore|ARM.Deploy.0 = Release|ARM
		{6E9951D0-A1FE-4ECC-8561-C202A01BA076}.AppStore|iPhone.ActiveCfg = Release|x86
		{6E9951D0-A1FE-4ECC-8561-C202A01BA076}.AppStore|iPhone.Build.0 = Release|x86
		{6E9951D0-A1FE-4ECC-8561-C202A01BA076}.AppStore|iPhone.Deploy.0 = Release|x86
		{6E9951D0-A1FE-4ECC-8561-C202A01BA076}.AppStore|iPhoneSimulator.ActiveCfg = Release|x86
		{6E9951D0-A1FE-4ECC-8561-C202A01BA076}.AppStore|iPhoneSimulator.Build.0 = Release|x86
		{6E9951D0-A1FE-4ECC-8561-C202A01BA076}.AppStore|iPhoneSimulator.Deploy.0 = Release|x86
		{6E9951D0-A1FE-4ECC-8561-C202A01BA076}.AppStore|x64.ActiveCfg = Release|x64
		{6E9951D0-A1FE-4ECC-8561-C202A01BA076}.AppStore|x64.Build.0 = Release|x64
		{6E9951D0-A1FE-4ECC-8561-C202A01BA076}.AppStore|x64.Deploy.0 = Release|x64
		{6E9951D0-A1FE-4ECC-8561-C202A01BA076}.AppStore|x86.ActiveCfg = Release|x86
		{6E9951D0-A1FE-4ECC-8561-C202A01BA076}.AppStore|x86.Build.0 = Release|x86
		{6E9951D0-A1FE-4ECC-8561-C202A01BA076}.AppStore|x86.Deploy.0 = Release|x86
		{6E9951D0-A1FE-4ECC-8561-C202A01BA076}.Debug|Any CPU.ActiveCfg = Debug|x86
		{6E9951D0-A1FE-4ECC-8561-C202A01BA076}.Debug|ARM.ActiveCfg = Debug|ARM
		{6E9951D0-A1FE-4ECC-8561-C202A01BA076}.Debug|ARM.Build.0 = Debug|ARM
		{6E9951D0-A1FE-4ECC-8561-C202A01BA076}.Debug|ARM.Deploy.0 = Debug|ARM
		{6E9951D0-A1FE-4ECC-8561-C202A01BA076}.Debug|iPhone.ActiveCfg = Debug|x86
		{6E9951D0-A1FE-4ECC-8561-C202A01BA076}.Debug|iPhoneSimulator.ActiveCfg = Debug|x86
		{6E9951D0-A1FE-4ECC-8561-C202A01BA076}.Debug|x64.ActiveCfg = Debug|x64
		{6E9951D0-A1FE-4ECC-8561-C202A01BA076}.Debug|x64.Build.0 = Debug|x64
		{6E9951D0-A1FE-4ECC-8561-C202A01BA076}.Debug|x64.Deploy.0 = Debug|x64
		{6E9951D0-A1FE-4ECC-8561-C202A01BA076}.Debug|x86.ActiveCfg = Debug|x86
		{6E9951D0-A1FE-4ECC-8561-C202A01BA076}.Debug|x86.Build.0 = Debug|x86
		{6E9951D0-A1FE-4ECC-8561-C202A01BA076}.Debug|x86.Deploy.0 = Debug|x86
		{6E9951D0-A1FE-4ECC-8561-C202A01BA076}.Release|Any CPU.ActiveCfg = Release|x86
		{6E9951D0-A1FE-4ECC-8561-C202A01BA076}.Release|ARM.ActiveCfg = Release|ARM
		{6E9951D0-A1FE-4ECC-8561-C202A01BA076}.Release|ARM.Build.0 = Release|ARM
		{6E9951D0-A1FE-4ECC-8561-C202A01BA076}.Release|ARM.Deploy.0 = Release|ARM
		{6E9951D0-A1FE-4ECC-8561-C202A01BA076}.Release|iPhone.ActiveCfg = Release|x86
		{6E9951D0-A1FE-4ECC-8561-C202A01BA076}.Release|iPhoneSimulator.ActiveCfg = Release|x86
		{6E9951D0-A1FE-4ECC-8561-C202A01BA076}.Release|x64.ActiveCfg = Release|x64
		{6E9951D0-A1FE-4ECC-8561-C202A01BA076}.Release|x64.Build.0 = Release|x64
		{6E9951D0-A1FE-4ECC-8561-C202A01BA076}.Release|x64.Deploy.0 = Release|x64
		{6E9951D0-A1FE-4ECC-8561-C202A01BA076}.Release|x86.ActiveCfg = Release|x86
		{6E9951D0-A1FE-4ECC-8561-C202A01BA076}.Release|x86.Build.0 = Release|x86
		{6E9951D0-A1FE-4ECC-8561-C202A01BA076}.Release|x86.Deploy.0 = Release|x86
	EndGlobalSection
	GlobalSection(SolutionProperties) = preSolution
		HideSolutionNode = FALSE
	EndGlobalSection
	GlobalSection(NestedProjects) = preSolution
		{E2651B72-BDD6-40E6-81A4-F9D72CB11B06} = {6A088E49-9026-4AF4-8E2F-5E9881E04D3C}
		{9B730B6C-B5EF-48E3-ADD9-E0CE39CC206F} = {59E7CF03-B80D-457F-955E-5745BE91EBFE}
		{5F639834-90CB-4F4E-9DE2-94B7B97341EE} = {59E7CF03-B80D-457F-955E-5745BE91EBFE}
		{6E9951D0-A1FE-4ECC-8561-C202A01BA076} = {59E7CF03-B80D-457F-955E-5745BE91EBFE}
	EndGlobalSection
EndGlobal
